
Microsoft Visual Studio Solution File, Format Version 12.00
# Visual Studio Version 17
VisualStudioVersion = 17.14.35906.104
MinimumVisualStudioVersion = 10.0.40219.1
Project("{FAE04EC0-301F-11D3-BF4B-00C04F79EFBC}") = "ProjectName.Domain", "src\ProjectName.Domain\ProjectName.Domain.csproj", "{E66943A4-3775-4980-BACD-9104F6EE4ABA}"
EndProject
Project("{FAE04EC0-301F-11D3-BF4B-00C04F79EFBC}") = "ProjectName.Application", "src\ProjectName.Application\ProjectName.Application.csproj", "{18AAF8F3-CDF6-4B73-A4E1-00C4E80C2D6D}"
EndProject
Project("{FAE04EC0-301F-11D3-BF4B-00C04F79EFBC}") = "ProjectName.Infrastructure", "src\ProjectName.Infrastructure\ProjectName.Infrastructure.csproj", "{031030C7-C813-4E0B-936C-EE250DF92EC3}"
EndProject
Project("{FAE04EC0-301F-11D3-BF4B-00C04F79EFBC}") = "ProjectName.ServiceDefaults", "src\ProjectName.ServiceDefaults\ProjectName.ServiceDefaults.csproj", "{595EE388-3977-4E16-AC87-B18C5400E3EA}"
EndProject
Project("{FAE04EC0-301F-11D3-BF4B-00C04F79EFBC}") = "ProjectName.AppHost", "src\ProjectName.AppHost\ProjectName.AppHost.csproj", "{DE2AC2D4-783C-4C25-9D44-0BA82F5A6146}"
EndProject
Project("{2150E333-8FDC-42A3-9474-1A3956D46DE8}") = "Solution Items", "Solution Items", "{8EC462FD-D22E-90A8-E5CE-7E832BA40C5D}"
	ProjectSection(SolutionItems) = preProject
		Directory.Packages.props = Directory.Packages.props
	EndProjectSection
EndProject
Project("{FAE04EC0-301F-11D3-BF4B-00C04F79EFBC}") = "ProjectName.GrpcService", "src\ProjectName.GrpcService\ProjectName.GrpcService.csproj", "{73508E20-31A6-47B9-9C43-3FA3801ED542}"
EndProject
Project("{FAE04EC0-301F-11D3-BF4B-00C04F79EFBC}") = "ProjectName.AIServices", "src\ProjectName.AIServices\ProjectName.AIServices.csproj", "{ED99F8E0-312F-4CAF-93F7-FA4E68CC4821}"
EndProject
Global
	GlobalSection(SolutionConfigurationPlatforms) = preSolution
		Debug|Any CPU = Debug|Any CPU
		Release|Any CPU = Release|Any CPU
	EndGlobalSection
	GlobalSection(ProjectConfigurationPlatforms) = postSolution
		{E66943A4-3775-4980-BACD-9104F6EE4ABA}.Debug|Any CPU.ActiveCfg = Debug|Any CPU
		{E66943A4-3775-4980-BACD-9104F6EE4ABA}.Debug|Any CPU.Build.0 = Debug|Any CPU
		{E66943A4-3775-4980-BACD-9104F6EE4ABA}.Release|Any CPU.ActiveCfg = Release|Any CPU
		{E66943A4-3775-4980-BACD-9104F6EE4ABA}.Release|Any CPU.Build.0 = Release|Any CPU
		{18AAF8F3-CDF6-4B73-A4E1-00C4E80C2D6D}.Debug|Any CPU.ActiveCfg = Debug|Any CPU
		{18AAF8F3-CDF6-4B73-A4E1-00C4E80C2D6D}.Debug|Any CPU.Build.0 = Debug|Any CPU
		{18AAF8F3-CDF6-4B73-A4E1-00C4E80C2D6D}.Release|Any CPU.ActiveCfg = Release|Any CPU
		{18AAF8F3-CDF6-4B73-A4E1-00C4E80C2D6D}.Release|Any CPU.Build.0 = Release|Any CPU
		{031030C7-C813-4E0B-936C-EE250DF92EC3}.Debug|Any CPU.ActiveCfg = Debug|Any CPU
		{031030C7-C813-4E0B-936C-EE250DF92EC3}.Debug|Any CPU.Build.0 = Debug|Any CPU
		{031030C7-C813-4E0B-936C-EE250DF92EC3}.Release|Any CPU.ActiveCfg = Release|Any CPU
		{031030C7-C813-4E0B-936C-EE250DF92EC3}.Release|Any CPU.Build.0 = Release|Any CPU
		{595EE388-3977-4E16-AC87-B18C5400E3EA}.Debug|Any CPU.ActiveCfg = Debug|Any CPU
		{595EE388-3977-4E16-AC87-B18C5400E3EA}.Debug|Any CPU.Build.0 = Debug|Any CPU
		{595EE388-3977-4E16-AC87-B18C5400E3EA}.Release|Any CPU.ActiveCfg = Release|Any CPU
		{595EE388-3977-4E16-AC87-B18C5400E3EA}.Release|Any CPU.Build.0 = Release|Any CPU
		{DE2AC2D4-783C-4C25-9D44-0BA82F5A6146}.Debug|Any CPU.ActiveCfg = Debug|Any CPU
		{DE2AC2D4-783C-4C25-9D44-0BA82F5A6146}.Debug|Any CPU.Build.0 = Debug|Any CPU
		{DE2AC2D4-783C-4C25-9D44-0BA82F5A6146}.Release|Any CPU.ActiveCfg = Release|Any CPU
		{DE2AC2D4-783C-4C25-9D44-0BA82F5A6146}.Release|Any CPU.Build.0 = Release|Any CPU
		{73508E20-31A6-47B9-9C43-3FA3801ED542}.Debug|Any CPU.ActiveCfg = Debug|Any CPU
		{73508E20-31A6-47B9-9C43-3FA3801ED542}.Debug|Any CPU.Build.0 = Debug|Any CPU
		{73508E20-31A6-47B9-9C43-3FA3801ED542}.Release|Any CPU.ActiveCfg = Release|Any CPU
		{73508E20-31A6-47B9-9C43-3FA3801ED542}.Release|Any CPU.Build.0 = Release|Any CPU
		{ED99F8E0-312F-4CAF-93F7-FA4E68CC4821}.Debug|Any CPU.ActiveCfg = Debug|Any CPU
		{ED99F8E0-312F-4CAF-93F7-FA4E68CC4821}.Debug|Any CPU.Build.0 = Debug|Any CPU
		{ED99F8E0-312F-4CAF-93F7-FA4E68CC4821}.Release|Any CPU.ActiveCfg = Release|Any CPU
		{ED99F8E0-312F-4CAF-93F7-FA4E68CC4821}.Release|Any CPU.Build.0 = Release|Any CPU
	EndGlobalSection
	GlobalSection(SolutionProperties) = preSolution
		HideSolutionNode = FALSE
	EndGlobalSection
	GlobalSection(ExtensibilityGlobals) = postSolution
		SolutionGuid = {0ED0C775-32BE-4831-8130-5EA66002BE23}
	EndGlobalSection
EndGlobal
